
Microsoft Visual Studio Solution File, Format Version 12.00
# Visual Studio Version 17
VisualStudioVersion = 17.7.34024.191
MinimumVisualStudioVersion = 10.0.40219.1
Project("{9A19103F-16F7-4668-BE54-9A1E7A4F7556}") = "OfficesService", "OfficesService\OfficesService.csproj", "{3FFDD779-8FA2-4FE1-BC50-841EA4DD1F8D}"
EndProject
Project("{9A19103F-16F7-4668-BE54-9A1E7A4F7556}") = "ProfilesService", "ProfilesService\ProfilesService.csproj", "{2507383F-9165-406E-A060-14DDE1A8FAAE}"
EndProject
Project("{9A19103F-16F7-4668-BE54-9A1E7A4F7556}") = "ServicesService", "ServicesService\ServicesService.csproj", "{CD97B240-99A0-43CD-B6C3-B030A1D81075}"
EndProject
Project("{E53339B2-1760-4266-BCC7-CA923CBCF16C}") = "docker-compose", "docker-compose.dcproj", "{B084E984-16D7-4DEA-AE44-9A7DBAC1A1CF}"
EndProject
Project("{9A19103F-16F7-4668-BE54-9A1E7A4F7556}") = "OfficesServiceTest", "OfficesServiceTest\OfficesServiceTest.csproj", "{8E2B7DBF-1D2F-4125-AA5D-8EA4D13EC813}"
EndProject
Project("{9A19103F-16F7-4668-BE54-9A1E7A4F7556}") = "IdentityServer", "IdentityServer\IdentityServer.csproj", "{1065B81C-AA96-4B1F-8F8F-E3D5C01D4D59}"
EndProject
Project("{9A19103F-16F7-4668-BE54-9A1E7A4F7556}") = "InnoClinicCommonData", "CommonData\InnoClinicCommonData.csproj", "{14578636-2238-4901-BCAE-82FFE966989C}"
EndProject
Project("{2150E333-8FDC-42A3-9474-1A3956D46DE8}") = "Solution Items", "Solution Items", "{D449AFB5-3CF9-41BE-99BE-A59ED136E01C}"
	ProjectSection(SolutionItems) = preProject
		.dockerignore = .dockerignore
		AppointmentsService.Dockerfile = AppointmentsService.Dockerfile
		OfficesService.Dockerfile = OfficesService.Dockerfile
		ProfilesService.Dockerfile = ProfilesService.Dockerfile
		ServicesService.Dockerfile = ServicesService.Dockerfile
	EndProjectSection
EndProject
Project("{9A19103F-16F7-4668-BE54-9A1E7A4F7556}") = "AppointmentsService", "AppointmentsService\AppointmentsService.csproj", "{672C0AF1-9388-4B85-A10A-3FF6DB7D0B49}"
EndProject
Project("{FAE04EC0-301F-11D3-BF4B-00C04F79EFBC}") = "InnoClinicClient", "InnoClinicClient\InnoClinicClient.csproj", "{BB2AD0CA-1F99-44A5-9A58-AF56740B88B4}"
EndProject
Global
	GlobalSection(SolutionConfigurationPlatforms) = preSolution
		Debug|Any CPU = Debug|Any CPU
		Release|Any CPU = Release|Any CPU
	EndGlobalSection
	GlobalSection(ProjectConfigurationPlatforms) = postSolution
		{3FFDD779-8FA2-4FE1-BC50-841EA4DD1F8D}.Debug|Any CPU.ActiveCfg = Debug|Any CPU
		{3FFDD779-8FA2-4FE1-BC50-841EA4DD1F8D}.Debug|Any CPU.Build.0 = Debug|Any CPU
		{3FFDD779-8FA2-4FE1-BC50-841EA4DD1F8D}.Release|Any CPU.ActiveCfg = Release|Any CPU
		{3FFDD779-8FA2-4FE1-BC50-841EA4DD1F8D}.Release|Any CPU.Build.0 = Release|Any CPU
		{2507383F-9165-406E-A060-14DDE1A8FAAE}.Debug|Any CPU.ActiveCfg = Debug|Any CPU
		{2507383F-9165-406E-A060-14DDE1A8FAAE}.Debug|Any CPU.Build.0 = Debug|Any CPU
		{2507383F-9165-406E-A060-14DDE1A8FAAE}.Release|Any CPU.ActiveCfg = Release|Any CPU
		{2507383F-9165-406E-A060-14DDE1A8FAAE}.Release|Any CPU.Build.0 = Release|Any CPU
		{CD97B240-99A0-43CD-B6C3-B030A1D81075}.Debug|Any CPU.ActiveCfg = Debug|Any CPU
		{CD97B240-99A0-43CD-B6C3-B030A1D81075}.Debug|Any CPU.Build.0 = Debug|Any CPU
		{CD97B240-99A0-43CD-B6C3-B030A1D81075}.Release|Any CPU.ActiveCfg = Release|Any CPU
		{CD97B240-99A0-43CD-B6C3-B030A1D81075}.Release|Any CPU.Build.0 = Release|Any CPU
		{B084E984-16D7-4DEA-AE44-9A7DBAC1A1CF}.Debug|Any CPU.ActiveCfg = Debug|Any CPU
		{B084E984-16D7-4DEA-AE44-9A7DBAC1A1CF}.Debug|Any CPU.Build.0 = Debug|Any CPU
		{B084E984-16D7-4DEA-AE44-9A7DBAC1A1CF}.Release|Any CPU.ActiveCfg = Release|Any CPU
		{B084E984-16D7-4DEA-AE44-9A7DBAC1A1CF}.Release|Any CPU.Build.0 = Release|Any CPU
		{8E2B7DBF-1D2F-4125-AA5D-8EA4D13EC813}.Debug|Any CPU.ActiveCfg = Debug|Any CPU
		{8E2B7DBF-1D2F-4125-AA5D-8EA4D13EC813}.Debug|Any CPU.Build.0 = Debug|Any CPU
		{8E2B7DBF-1D2F-4125-AA5D-8EA4D13EC813}.Release|Any CPU.ActiveCfg = Release|Any CPU
		{8E2B7DBF-1D2F-4125-AA5D-8EA4D13EC813}.Release|Any CPU.Build.0 = Release|Any CPU
		{1065B81C-AA96-4B1F-8F8F-E3D5C01D4D59}.Debug|Any CPU.ActiveCfg = Debug|Any CPU
		{1065B81C-AA96-4B1F-8F8F-E3D5C01D4D59}.Debug|Any CPU.Build.0 = Debug|Any CPU
		{1065B81C-AA96-4B1F-8F8F-E3D5C01D4D59}.Release|Any CPU.ActiveCfg = Release|Any CPU
		{1065B81C-AA96-4B1F-8F8F-E3D5C01D4D59}.Release|Any CPU.Build.0 = Release|Any CPU
		{14578636-2238-4901-BCAE-82FFE966989C}.Debug|Any CPU.ActiveCfg = Debug|Any CPU
		{14578636-2238-4901-BCAE-82FFE966989C}.Debug|Any CPU.Build.0 = Debug|Any CPU
		{14578636-2238-4901-BCAE-82FFE966989C}.Release|Any CPU.ActiveCfg = Release|Any CPU
		{14578636-2238-4901-BCAE-82FFE966989C}.Release|Any CPU.Build.0 = Release|Any CPU
		{672C0AF1-9388-4B85-A10A-3FF6DB7D0B49}.Debug|Any CPU.ActiveCfg = Debug|Any CPU
		{672C0AF1-9388-4B85-A10A-3FF6DB7D0B49}.Debug|Any CPU.Build.0 = Debug|Any CPU
		{672C0AF1-9388-4B85-A10A-3FF6DB7D0B49}.Release|Any CPU.ActiveCfg = Release|Any CPU
		{672C0AF1-9388-4B85-A10A-3FF6DB7D0B49}.Release|Any CPU.Build.0 = Release|Any CPU
		{BB2AD0CA-1F99-44A5-9A58-AF56740B88B4}.Debug|Any CPU.ActiveCfg = Debug|Any CPU
		{BB2AD0CA-1F99-44A5-9A58-AF56740B88B4}.Debug|Any CPU.Build.0 = Debug|Any CPU
		{BB2AD0CA-1F99-44A5-9A58-AF56740B88B4}.Debug|Any CPU.Deploy.0 = Debug|Any CPU
		{BB2AD0CA-1F99-44A5-9A58-AF56740B88B4}.Release|Any CPU.ActiveCfg = Release|Any CPU
		{BB2AD0CA-1F99-44A5-9A58-AF56740B88B4}.Release|Any CPU.Build.0 = Release|Any CPU
		{BB2AD0CA-1F99-44A5-9A58-AF56740B88B4}.Release|Any CPU.Deploy.0 = Release|Any CPU
	EndGlobalSection
	GlobalSection(SolutionProperties) = preSolution
		HideSolutionNode = FALSE
	EndGlobalSection
	GlobalSection(ExtensibilityGlobals) = postSolution
		SolutionGuid = {27BB896C-47C6-4439-9F04-038D6277780A}
	EndGlobalSection
EndGlobal
