
Microsoft Visual Studio Solution File, Format Version 12.00
# Visual Studio Version 17
VisualStudioVersion = 17.7.34024.191
MinimumVisualStudioVersion = 10.0.40219.1
Project("{9A19103F-16F7-4668-BE54-9A1E7A4F7556}") = "OfficesService", "OfficesService\OfficesService.csproj", "{3FFDD779-8FA2-4FE1-BC50-841EA4DD1F8D}"
EndProject
Project("{9A19103F-16F7-4668-BE54-9A1E7A4F7556}") = "IdentityServer", "IdentityServer\IdentityServer.csproj", "{E2A0621D-BD99-4B7D-A8F8-990F3A8FC674}"
EndProject
Project("{9A19103F-16F7-4668-BE54-9A1E7A4F7556}") = "ProfilesService", "ProfilesService\ProfilesService.csproj", "{2507383F-9165-406E-A060-14DDE1A8FAAE}"
EndProject
Project("{9A19103F-16F7-4668-BE54-9A1E7A4F7556}") = "ServicesService", "ServicesService\ServicesService.csproj", "{CD97B240-99A0-43CD-B6C3-B030A1D81075}"
EndProject
Project("{E53339B2-1760-4266-BCC7-CA923CBCF16C}") = "docker-compose", "docker-compose.dcproj", "{B084E984-16D7-4DEA-AE44-9A7DBAC1A1CF}"
EndProject
Global
	GlobalSection(SolutionConfigurationPlatforms) = preSolution
		Debug|Any CPU = Debug|Any CPU
		Release|Any CPU = Release|Any CPU
	EndGlobalSection
	GlobalSection(ProjectConfigurationPlatforms) = postSolution
		{3FFDD779-8FA2-4FE1-BC50-841EA4DD1F8D}.Debug|Any CPU.ActiveCfg = Debug|Any CPU
		{3FFDD779-8FA2-4FE1-BC50-841EA4DD1F8D}.Debug|Any CPU.Build.0 = Debug|Any CPU
		{3FFDD779-8FA2-4FE1-BC50-841EA4DD1F8D}.Release|Any CPU.ActiveCfg = Release|Any CPU
		{3FFDD779-8FA2-4FE1-BC50-841EA4DD1F8D}.Release|Any CPU.Build.0 = Release|Any CPU
		{E2A0621D-BD99-4B7D-A8F8-990F3A8FC674}.Debug|Any CPU.ActiveCfg = Debug|Any CPU
		{E2A0621D-BD99-4B7D-A8F8-990F3A8FC674}.Debug|Any CPU.Build.0 = Debug|Any CPU
		{E2A0621D-BD99-4B7D-A8F8-990F3A8FC674}.Release|Any CPU.ActiveCfg = Release|Any CPU
		{E2A0621D-BD99-4B7D-A8F8-990F3A8FC674}.Release|Any CPU.Build.0 = Release|Any CPU
		{2507383F-9165-406E-A060-14DDE1A8FAAE}.Debug|Any CPU.ActiveCfg = Debug|Any CPU
		{2507383F-9165-406E-A060-14DDE1A8FAAE}.Debug|Any CPU.Build.0 = Debug|Any CPU
		{2507383F-9165-406E-A060-14DDE1A8FAAE}.Release|Any CPU.ActiveCfg = Release|Any CPU
		{2507383F-9165-406E-A060-14DDE1A8FAAE}.Release|Any CPU.Build.0 = Release|Any CPU
		{CD97B240-99A0-43CD-B6C3-B030A1D81075}.Debug|Any CPU.ActiveCfg = Debug|Any CPU
		{CD97B240-99A0-43CD-B6C3-B030A1D81075}.Debug|Any CPU.Build.0 = Debug|Any CPU
		{CD97B240-99A0-43CD-B6C3-B030A1D81075}.Release|Any CPU.ActiveCfg = Release|Any CPU
		{CD97B240-99A0-43CD-B6C3-B030A1D81075}.Release|Any CPU.Build.0 = Release|Any CPU
		{B084E984-16D7-4DEA-AE44-9A7DBAC1A1CF}.Debug|Any CPU.ActiveCfg = Debug|Any CPU
		{B084E984-16D7-4DEA-AE44-9A7DBAC1A1CF}.Debug|Any CPU.Build.0 = Debug|Any CPU
		{B084E984-16D7-4DEA-AE44-9A7DBAC1A1CF}.Release|Any CPU.ActiveCfg = Release|Any CPU
		{B084E984-16D7-4DEA-AE44-9A7DBAC1A1CF}.Release|Any CPU.Build.0 = Release|Any CPU
	EndGlobalSection
	GlobalSection(SolutionProperties) = preSolution
		HideSolutionNode = FALSE
	EndGlobalSection
	GlobalSection(ExtensibilityGlobals) = postSolution
		SolutionGuid = {27BB896C-47C6-4439-9F04-038D6277780A}
	EndGlobalSection
EndGlobal
